
Microsoft Visual Studio Solution File, Format Version 12.00
# Visual Studio Version 16
VisualStudioVersion = 16.0.32602.291
MinimumVisualStudioVersion = 10.0.40219.1
Project("{FAE04EC0-301F-11D3-BF4B-00C04F79EFBC}") = "SS", "SS\SS.csproj", "{78EE36DB-E2EA-47E3-8235-E41BE26096DD}"
EndProject
Global
	GlobalSection(SolutionConfigurationPlatforms) = preSolution
		Debug|Any CPU = Debug|Any CPU
		Release|Any CPU = Release|Any CPU
	EndGlobalSection
	GlobalSection(ProjectConfigurationPlatforms) = postSolution
		{78EE36DB-E2EA-47E3-8235-E41BE26096DD}.Debug|Any CPU.ActiveCfg = Debug|Any CPU
		{78EE36DB-E2EA-47E3-8235-E41BE26096DD}.Debug|Any CPU.Build.0 = Debug|Any CPU
		{78EE36DB-E2EA-47E3-8235-E41BE26096DD}.Release|Any CPU.ActiveCfg = Release|Any CPU
		{78EE36DB-E2EA-47E3-8235-E41BE26096DD}.Release|Any CPU.Build.0 = Release|Any CPU
	EndGlobalSection
	GlobalSection(SolutionProperties) = preSolution
		HideSolutionNode = FALSE
	EndGlobalSection
	GlobalSection(ExtensibilityGlobals) = postSolution
		SolutionGuid = {A78F5CDE-81A9-470C-B695-8821333CD581}
	EndGlobalSection
EndGlobal
